# This file is automatically generated - do not edit it directly.
# Use https://weblate.rob006.net/projects/flarum/flarum-lock/nb/ for translation.
# You can read more about the process at https://github.com/rob006-software/flarum-translations/wiki.

flarum-lock:
  admin:
    permissions:
      lock_discussions_label: 'Lås diskusjoner'
  forum:
    badge:
      locked_tooltip: Låst
    discussion_controls:
      lock_button: Lås
      unlock_button: 'Lås opp'
    notifications:
      discussion_locked_text: '{username} låst'
    post_stream:
      discussion_locked_text: '{username} låste diskusjonen {time}.'
      discussion_unlocked_text: '{username} låste opp diskusjonen {time}.'
    settings:
      notify_discussion_locked_label: 'Noen låser en diskusjon jeg startet'
